{
    "doctrine/deprecations": {
        "version": "v0.5.3"
    },
    "doctrine/mongodb-odm": {
        "version": "2.2.0"
    },
    "doctrine/mongodb-odm-bundle": {
        "version": "3.3",
        "recipe": {
            "repo": "github.com/symfony/recipes-contrib",
            "branch": "master",
            "version": "3.3",
            "ref": "1fd8598bf42227a1c8905edd32f640e4c5d15eff"
        }
    },
    "ezyang/htmlpurifier": {
        "version": "v4.13.0"
    },
    "friendsofsymfony/ckeditor-bundle": {
        "version": "2.0",
        "recipe": {
            "repo": "github.com/symfony/recipes-contrib",
            "branch": "master",
            "version": "2.0",
            "ref": "8eb1cd0962ded6a6d6e1e5a9b6d3e888f9f94ff6"
        }
    },
    "friendsofsymfony/jsrouting-bundle": {
        "version": "2.3",
        "recipe": {
            "repo": "github.com/symfony/recipes-contrib",
            "branch": "master",
            "version": "2.3",
            "ref": "a9f2e49180f75cdc71ae279a929c4b2e0638de84"
        }
    },
    "jean85/pretty-package-versions": {
        "version": "1.6.0"
    },
    "knplabs/knp-time-bundle": {
        "version": "v1.16.0"
    },
    "laminas/laminas-escaper": {
        "version": "2.7.0"
    },
    "maennchen/zipstream-php": {
        "version": "2.1.0"
    },
    "markbaker/complex": {
        "version": "2.0.0"
    },
    "markbaker/matrix": {
        "version": "2.1.2"
    },
    "mongodb/mongodb": {
        "version": "1.8.0"
    },
    "myclabs/php-enum": {
        "version": "1.8.0"
    },
    "phpoffice/phpspreadsheet": {
        "version": "1.17.1"
    },
    "phpoffice/phpword": {
        "version": "0.18-dev"
    },
    "psr/http-client": {
        "version": "1.0.1"
    },
    "psr/http-factory": {
        "version": "1.0.1"
    },
    "psr/http-message": {
        "version": "1.0.1"
    },
    "psr/simple-cache": {
        "version": "1.0.1"
    },
    "swiftmailer/swiftmailer": {
        "version": "v6.2.7"
    },
    "symfony/expression-language": {
        "version": "v4.4.20"
    },
    "symfony/phpunit-bridge": {
        "version": "5.1",
        "recipe": {
            "repo": "github.com/symfony/recipes",
            "branch": "master",
            "version": "5.1",
            "ref": "bf16921ef8309a81d9f046e9b6369c46bcbd031f"
        },
        "files": [
            ".env.test",
            "bin/phpunit",
            "phpunit.xml.dist",
            "tests/bootstrap.php"
        ]
    },
    "symfony/swiftmailer-bundle": {
        "version": "2.5",
        "recipe": {
            "repo": "github.com/symfony/recipes",
            "branch": "master",
            "version": "2.5",
            "ref": "ae4d22af30bbd484506bc1817c5a3ef72c855b93"
        },
        "files": [
            "config/packages/dev/swiftmailer.yaml",
            "config/packages/swiftmailer.yaml",
            "config/packages/test/swiftmailer.yaml"
        ]
    },
    "symfony/webpack-encore-bundle": {
        "version": "1.9",
        "recipe": {
            "repo": "github.com/symfony/recipes",
            "branch": "master",
            "version": "1.9",
            "ref": "9399a0bfc6ee7a0c019f952bca46d6a6045dd451"
        },
        "files": [
            "assets/app.js",
            "assets/bootstrap.js",
            "assets/controllers.json",
            "assets/styles/app.css",
            "config/packages/assets.yaml",
            "config/packages/prod/webpack_encore.yaml",
            "config/packages/test/webpack_encore.yaml",
            "config/packages/webpack_encore.yaml",
            "package.json",
            "webpack.config.js"
        ]
    },
    "willdurand/jsonp-callback-validator": {
        "version": "v1.1.0"
    }
}
